// !$*UTF8*$!
{
	archiveVersion = 1;
	classes = {
	};
	objectVersion = 52;
	objects = {

/* Begin PBXBuildFile section */
		0A28065525E2414D00E430C1 /* Kingfisher in Frameworks */ = {isa = PBXBuildFile; productRef = 0A28065425E2414D00E430C1 /* Kingfisher */; };
		0A28065F25E2867800E430C1 /* FinAPISample.swift in Sources */ = {isa = PBXBuildFile; fileRef = 0A28065E25E2867800E430C1 /* FinAPISample.swift */; };
		0A28066325E290CC00E430C1 /* SymbolProfile.swift in Sources */ = {isa = PBXBuildFile; fileRef = 0A28066225E290CC00E430C1 /* SymbolProfile.swift */; };
		0A28066C25E294EB00E430C1 /* symbolProfile.json in Resources */ = {isa = PBXBuildFile; fileRef = 0A28066B25E294EB00E430C1 /* symbolProfile.json */; };
		0A2C7B9F25DE9B6A00B7F6BE /* AppDelegate.swift in Sources */ = {isa = PBXBuildFile; fileRef = 0A2C7B9E25DE9B6A00B7F6BE /* AppDelegate.swift */; };
		0A2C7BA125DE9B6A00B7F6BE /* SceneDelegate.swift in Sources */ = {isa = PBXBuildFile; fileRef = 0A2C7BA025DE9B6A00B7F6BE /* SceneDelegate.swift */; };
		0A2C7BA325DE9B6A00B7F6BE /* ViewController.swift in Sources */ = {isa = PBXBuildFile; fileRef = 0A2C7BA225DE9B6A00B7F6BE /* ViewController.swift */; };
		0A2C7BA625DE9B6A00B7F6BE /* Main.storyboard in Resources */ = {isa = PBXBuildFile; fileRef = 0A2C7BA425DE9B6A00B7F6BE /* Main.storyboard */; };
		0A2C7BA825DE9B6C00B7F6BE /* Assets.xcassets in Resources */ = {isa = PBXBuildFile; fileRef = 0A2C7BA725DE9B6C00B7F6BE /* Assets.xcassets */; };
		0A2C7BAB25DE9B6C00B7F6BE /* LaunchScreen.storyboard in Resources */ = {isa = PBXBuildFile; fileRef = 0A2C7BA925DE9B6C00B7F6BE /* LaunchScreen.storyboard */; };
		0A2C7BB625DE9B6C00B7F6BE /* YStocksTests.swift in Sources */ = {isa = PBXBuildFile; fileRef = 0A2C7BB525DE9B6C00B7F6BE /* YStocksTests.swift */; };
		0A2C7BD625DEC32700B7F6BE /* Moya in Frameworks */ = {isa = PBXBuildFile; productRef = 0A2C7BD525DEC32700B7F6BE /* Moya */; };
		0A2C7BDC25DEC37500B7F6BE /* PromiseKit in Frameworks */ = {isa = PBXBuildFile; productRef = 0A2C7BDB25DEC37500B7F6BE /* PromiseKit */; };
		0A2C7C0A25DEC72100B7F6BE /* StockSymbol.swift in Sources */ = {isa = PBXBuildFile; fileRef = 0A2C7C0925DEC72100B7F6BE /* StockSymbol.swift */; };
		0A2C7C0F25DEC75A00B7F6BE /* StockType.swift in Sources */ = {isa = PBXBuildFile; fileRef = 0A2C7C0E25DEC75A00B7F6BE /* StockType.swift */; };
		0A2C7C1925DEC8FF00B7F6BE /* MarketIdentifierCode.swift in Sources */ = {isa = PBXBuildFile; fileRef = 0A2C7C1825DEC8FF00B7F6BE /* MarketIdentifierCode.swift */; };
		0A2C7C6F25DF02BE00B7F6BE /* FinAPI.swift in Sources */ = {isa = PBXBuildFile; fileRef = 0A2C7C6E25DF02BE00B7F6BE /* FinAPI.swift */; };
		0A2C7C7425DF02F700B7F6BE /* FinProvider.swift in Sources */ = {isa = PBXBuildFile; fileRef = 0A2C7C7325DF02F700B7F6BE /* FinProvider.swift */; };
		0AAB556E25DFDB0D00FCDAC2 /* RapidAPIReply.swift in Sources */ = {isa = PBXBuildFile; fileRef = 0AAB556D25DFDB0D00FCDAC2 /* RapidAPIReply.swift */; };
		0AAB557325DFDC0C00FCDAC2 /* RAPIQuote.swift in Sources */ = {isa = PBXBuildFile; fileRef = 0AAB557225DFDC0C00FCDAC2 /* RAPIQuote.swift */; };
		0AAB558125E008C900FCDAC2 /* Quote.swift in Sources */ = {isa = PBXBuildFile; fileRef = 0AAB558025E008C900FCDAC2 /* Quote.swift */; };
		0AAB558725E0197200FCDAC2 /* FinNetworkError.swift in Sources */ = {isa = PBXBuildFile; fileRef = 0AAB558625E0197200FCDAC2 /* FinNetworkError.swift */; };
/* End PBXBuildFile section */

/* Begin PBXContainerItemProxy section */
		0A2C7BB225DE9B6C00B7F6BE /* PBXContainerItemProxy */ = {
			isa = PBXContainerItemProxy;
			containerPortal = 0A2C7B9325DE9B6A00B7F6BE /* Project object */;
			proxyType = 1;
			remoteGlobalIDString = 0A2C7B9A25DE9B6A00B7F6BE;
			remoteInfo = YStocks;
		};
/* End PBXContainerItemProxy section */

/* Begin PBXFileReference section */
		0A28065E25E2867800E430C1 /* FinAPISample.swift */ = {isa = PBXFileReference; lastKnownFileType = sourcecode.swift; path = FinAPISample.swift; sourceTree = "<group>"; };
		0A28066225E290CC00E430C1 /* SymbolProfile.swift */ = {isa = PBXFileReference; lastKnownFileType = sourcecode.swift; path = SymbolProfile.swift; sourceTree = "<group>"; };
		0A28066B25E294EB00E430C1 /* symbolProfile.json */ = {isa = PBXFileReference; lastKnownFileType = text.json; path = symbolProfile.json; sourceTree = "<group>"; };
		0A2C7B9B25DE9B6A00B7F6BE /* YStocks.app */ = {isa = PBXFileReference; explicitFileType = wrapper.application; includeInIndex = 0; path = YStocks.app; sourceTree = BUILT_PRODUCTS_DIR; };
		0A2C7B9E25DE9B6A00B7F6BE /* AppDelegate.swift */ = {isa = PBXFileReference; lastKnownFileType = sourcecode.swift; path = AppDelegate.swift; sourceTree = "<group>"; };
		0A2C7BA025DE9B6A00B7F6BE /* SceneDelegate.swift */ = {isa = PBXFileReference; lastKnownFileType = sourcecode.swift; path = SceneDelegate.swift; sourceTree = "<group>"; };
		0A2C7BA225DE9B6A00B7F6BE /* ViewController.swift */ = {isa = PBXFileReference; lastKnownFileType = sourcecode.swift; path = ViewController.swift; sourceTree = "<group>"; };
		0A2C7BA525DE9B6A00B7F6BE /* Base */ = {isa = PBXFileReference; lastKnownFileType = file.storyboard; name = Base; path = Base.lproj/Main.storyboard; sourceTree = "<group>"; };
		0A2C7BA725DE9B6C00B7F6BE /* Assets.xcassets */ = {isa = PBXFileReference; lastKnownFileType = folder.assetcatalog; path = Assets.xcassets; sourceTree = "<group>"; };
		0A2C7BAA25DE9B6C00B7F6BE /* Base */ = {isa = PBXFileReference; lastKnownFileType = file.storyboard; name = Base; path = Base.lproj/LaunchScreen.storyboard; sourceTree = "<group>"; };
		0A2C7BAC25DE9B6C00B7F6BE /* Info.plist */ = {isa = PBXFileReference; lastKnownFileType = text.plist.xml; path = Info.plist; sourceTree = "<group>"; };
		0A2C7BB125DE9B6C00B7F6BE /* YStocksTests.xctest */ = {isa = PBXFileReference; explicitFileType = wrapper.cfbundle; includeInIndex = 0; path = YStocksTests.xctest; sourceTree = BUILT_PRODUCTS_DIR; };
		0A2C7BB525DE9B6C00B7F6BE /* YStocksTests.swift */ = {isa = PBXFileReference; lastKnownFileType = sourcecode.swift; path = YStocksTests.swift; sourceTree = "<group>"; };
		0A2C7BB725DE9B6C00B7F6BE /* Info.plist */ = {isa = PBXFileReference; lastKnownFileType = text.plist.xml; path = Info.plist; sourceTree = "<group>"; };
		0A2C7C0925DEC72100B7F6BE /* StockSymbol.swift */ = {isa = PBXFileReference; lastKnownFileType = sourcecode.swift; path = StockSymbol.swift; sourceTree = "<group>"; };
		0A2C7C0E25DEC75A00B7F6BE /* StockType.swift */ = {isa = PBXFileReference; lastKnownFileType = sourcecode.swift; path = StockType.swift; sourceTree = "<group>"; };
		0A2C7C1825DEC8FF00B7F6BE /* MarketIdentifierCode.swift */ = {isa = PBXFileReference; lastKnownFileType = sourcecode.swift; path = MarketIdentifierCode.swift; sourceTree = "<group>"; };
		0A2C7C6E25DF02BE00B7F6BE /* FinAPI.swift */ = {isa = PBXFileReference; lastKnownFileType = sourcecode.swift; path = FinAPI.swift; sourceTree = "<group>"; };
		0A2C7C7325DF02F700B7F6BE /* FinProvider.swift */ = {isa = PBXFileReference; lastKnownFileType = sourcecode.swift; path = FinProvider.swift; sourceTree = "<group>"; };
		0AAB556D25DFDB0D00FCDAC2 /* RapidAPIReply.swift */ = {isa = PBXFileReference; lastKnownFileType = sourcecode.swift; path = RapidAPIReply.swift; sourceTree = "<group>"; };
		0AAB557225DFDC0C00FCDAC2 /* RAPIQuote.swift */ = {isa = PBXFileReference; lastKnownFileType = sourcecode.swift; path = RAPIQuote.swift; sourceTree = "<group>"; };
		0AAB558025E008C900FCDAC2 /* Quote.swift */ = {isa = PBXFileReference; lastKnownFileType = sourcecode.swift; path = Quote.swift; sourceTree = "<group>"; };
		0AAB558625E0197200FCDAC2 /* FinNetworkError.swift */ = {isa = PBXFileReference; lastKnownFileType = sourcecode.swift; path = FinNetworkError.swift; sourceTree = "<group>"; };
/* End PBXFileReference section */

/* Begin PBXFrameworksBuildPhase section */
		0A2C7B9825DE9B6A00B7F6BE /* Frameworks */ = {
			isa = PBXFrameworksBuildPhase;
			buildActionMask = 2147483647;
			files = (
				0A28065525E2414D00E430C1 /* Kingfisher in Frameworks */,
				0A2C7BD625DEC32700B7F6BE /* Moya in Frameworks */,
				0A2C7BDC25DEC37500B7F6BE /* PromiseKit in Frameworks */,
			);
			runOnlyForDeploymentPostprocessing = 0;
		};
		0A2C7BAE25DE9B6C00B7F6BE /* Frameworks */ = {
			isa = PBXFrameworksBuildPhase;
			buildActionMask = 2147483647;
			files = (
			);
			runOnlyForDeploymentPostprocessing = 0;
		};
/* End PBXFrameworksBuildPhase section */

/* Begin PBXGroup section */
		0A28066A25E2949B00E430C1 /* SampleData */ = {
			isa = PBXGroup;
			children = (
				0A28066B25E294EB00E430C1 /* symbolProfile.json */,
			);
			path = SampleData;
			sourceTree = "<group>";
		};
		0A2C7B9225DE9B6A00B7F6BE = {
			isa = PBXGroup;
			children = (
				0A2C7B9D25DE9B6A00B7F6BE /* YStocks */,
				0A2C7BB425DE9B6C00B7F6BE /* YStocksTests */,
				0A2C7B9C25DE9B6A00B7F6BE /* Products */,
			);
			sourceTree = "<group>";
		};
		0A2C7B9C25DE9B6A00B7F6BE /* Products */ = {
			isa = PBXGroup;
			children = (
				0A2C7B9B25DE9B6A00B7F6BE /* YStocks.app */,
				0A2C7BB125DE9B6C00B7F6BE /* YStocksTests.xctest */,
			);
			name = Products;
			sourceTree = "<group>";
		};
		0A2C7B9D25DE9B6A00B7F6BE /* YStocks */ = {
			isa = PBXGroup;
			children = (
				0A2C7C2825DECD3400B7F6BE /* Networking */,
				0A2C7BE025DEC39E00B7F6BE /* Model */,
				0A2C7B9E25DE9B6A00B7F6BE /* AppDelegate.swift */,
				0A2C7BA025DE9B6A00B7F6BE /* SceneDelegate.swift */,
				0A2C7BA225DE9B6A00B7F6BE /* ViewController.swift */,
				0A2C7BA425DE9B6A00B7F6BE /* Main.storyboard */,
				0A2C7BA725DE9B6C00B7F6BE /* Assets.xcassets */,
				0A2C7BA925DE9B6C00B7F6BE /* LaunchScreen.storyboard */,
				0A2C7BAC25DE9B6C00B7F6BE /* Info.plist */,
			);
			path = YStocks;
			sourceTree = "<group>";
		};
		0A2C7BB425DE9B6C00B7F6BE /* YStocksTests */ = {
			isa = PBXGroup;
			children = (
				0A2C7BB525DE9B6C00B7F6BE /* YStocksTests.swift */,
				0A28066A25E2949B00E430C1 /* SampleData */,
				0A2C7BB725DE9B6C00B7F6BE /* Info.plist */,
			);
			path = YStocksTests;
			sourceTree = "<group>";
		};
		0A2C7BE025DEC39E00B7F6BE /* Model */ = {
			isa = PBXGroup;
			children = (
				0A2C7C0925DEC72100B7F6BE /* StockSymbol.swift */,
				0A2C7C0E25DEC75A00B7F6BE /* StockType.swift */,
				0A2C7C1825DEC8FF00B7F6BE /* MarketIdentifierCode.swift */,
				0AAB556D25DFDB0D00FCDAC2 /* RapidAPIReply.swift */,
				0AAB557225DFDC0C00FCDAC2 /* RAPIQuote.swift */,
				0AAB558025E008C900FCDAC2 /* Quote.swift */,
				0A28066225E290CC00E430C1 /* SymbolProfile.swift */,
			);
			path = Model;
			sourceTree = "<group>";
		};
		0A2C7C2825DECD3400B7F6BE /* Networking */ = {
			isa = PBXGroup;
			children = (
				0A2C7C6E25DF02BE00B7F6BE /* FinAPI.swift */,
				0A28065E25E2867800E430C1 /* FinAPISample.swift */,
				0A2C7C7325DF02F700B7F6BE /* FinProvider.swift */,
				0AAB558625E0197200FCDAC2 /* FinNetworkError.swift */,
			);
			path = Networking;
			sourceTree = "<group>";
		};
/* End PBXGroup section */

/* Begin PBXNativeTarget section */
		0A2C7B9A25DE9B6A00B7F6BE /* YStocks */ = {
			isa = PBXNativeTarget;
			buildConfigurationList = 0A2C7BC525DE9B6C00B7F6BE /* Build configuration list for PBXNativeTarget "YStocks" */;
			buildPhases = (
				0A2C7B9725DE9B6A00B7F6BE /* Sources */,
				0A2C7B9825DE9B6A00B7F6BE /* Frameworks */,
				0A2C7B9925DE9B6A00B7F6BE /* Resources */,
			);
			buildRules = (
			);
			dependencies = (
			);
			name = YStocks;
			packageProductDependencies = (
				0A2C7BD525DEC32700B7F6BE /* Moya */,
				0A2C7BDB25DEC37500B7F6BE /* PromiseKit */,
				0A28065425E2414D00E430C1 /* Kingfisher */,
			);
			productName = YStocks;
			productReference = 0A2C7B9B25DE9B6A00B7F6BE /* YStocks.app */;
			productType = "com.apple.product-type.application";
		};
		0A2C7BB025DE9B6C00B7F6BE /* YStocksTests */ = {
			isa = PBXNativeTarget;
			buildConfigurationList = 0A2C7BC825DE9B6C00B7F6BE /* Build configuration list for PBXNativeTarget "YStocksTests" */;
			buildPhases = (
				0A2C7BAD25DE9B6C00B7F6BE /* Sources */,
				0A2C7BAE25DE9B6C00B7F6BE /* Frameworks */,
				0A2C7BAF25DE9B6C00B7F6BE /* Resources */,
			);
			buildRules = (
			);
			dependencies = (
				0A2C7BB325DE9B6C00B7F6BE /* PBXTargetDependency */,
			);
			name = YStocksTests;
			productName = YStocksTests;
			productReference = 0A2C7BB125DE9B6C00B7F6BE /* YStocksTests.xctest */;
			productType = "com.apple.product-type.bundle.unit-test";
		};
/* End PBXNativeTarget section */

/* Begin PBXProject section */
		0A2C7B9325DE9B6A00B7F6BE /* Project object */ = {
			isa = PBXProject;
			attributes = {
				LastSwiftUpdateCheck = 1240;
				LastUpgradeCheck = 1240;
				TargetAttributes = {
					0A2C7B9A25DE9B6A00B7F6BE = {
						CreatedOnToolsVersion = 12.4;
					};
					0A2C7BB025DE9B6C00B7F6BE = {
						CreatedOnToolsVersion = 12.4;
						TestTargetID = 0A2C7B9A25DE9B6A00B7F6BE;
					};
				};
			};
			buildConfigurationList = 0A2C7B9625DE9B6A00B7F6BE /* Build configuration list for PBXProject "YStocks" */;
			compatibilityVersion = "Xcode 9.3";
			developmentRegion = en;
			hasScannedForEncodings = 0;
			knownRegions = (
				en,
				Base,
			);
			mainGroup = 0A2C7B9225DE9B6A00B7F6BE;
			packageReferences = (
				0A2C7BD425DEC32700B7F6BE /* XCRemoteSwiftPackageReference "Moya" */,
				0A2C7BDA25DEC37500B7F6BE /* XCRemoteSwiftPackageReference "PromiseKit" */,
				0A28065325E2414D00E430C1 /* XCRemoteSwiftPackageReference "Kingfisher" */,
			);
			productRefGroup = 0A2C7B9C25DE9B6A00B7F6BE /* Products */;
			projectDirPath = "";
			projectRoot = "";
			targets = (
				0A2C7B9A25DE9B6A00B7F6BE /* YStocks */,
				0A2C7BB025DE9B6C00B7F6BE /* YStocksTests */,
			);
		};
/* End PBXProject section */

/* Begin PBXResourcesBuildPhase section */
		0A2C7B9925DE9B6A00B7F6BE /* Resources */ = {
			isa = PBXResourcesBuildPhase;
			buildActionMask = 2147483647;
			files = (
				0A2C7BAB25DE9B6C00B7F6BE /* LaunchScreen.storyboard in Resources */,
				0A2C7BA825DE9B6C00B7F6BE /* Assets.xcassets in Resources */,
				0A2C7BA625DE9B6A00B7F6BE /* Main.storyboard in Resources */,
			);
			runOnlyForDeploymentPostprocessing = 0;
		};
		0A2C7BAF25DE9B6C00B7F6BE /* Resources */ = {
			isa = PBXResourcesBuildPhase;
			buildActionMask = 2147483647;
			files = (
				0A28066C25E294EB00E430C1 /* symbolProfile.json in Resources */,
			);
			runOnlyForDeploymentPostprocessing = 0;
		};
/* End PBXResourcesBuildPhase section */

/* Begin PBXSourcesBuildPhase section */
		0A2C7B9725DE9B6A00B7F6BE /* Sources */ = {
			isa = PBXSourcesBuildPhase;
			buildActionMask = 2147483647;
			files = (
				0A2C7BA325DE9B6A00B7F6BE /* ViewController.swift in Sources */,
				0AAB558725E0197200FCDAC2 /* FinNetworkError.swift in Sources */,
				0A2C7C1925DEC8FF00B7F6BE /* MarketIdentifierCode.swift in Sources */,
				0A28066325E290CC00E430C1 /* SymbolProfile.swift in Sources */,
				0A2C7C6F25DF02BE00B7F6BE /* FinAPI.swift in Sources */,
				0A2C7B9F25DE9B6A00B7F6BE /* AppDelegate.swift in Sources */,
				0A2C7C0F25DEC75A00B7F6BE /* StockType.swift in Sources */,
				0A2C7C0A25DEC72100B7F6BE /* StockSymbol.swift in Sources */,
				0A28065F25E2867800E430C1 /* FinAPISample.swift in Sources */,
				0AAB557325DFDC0C00FCDAC2 /* RAPIQuote.swift in Sources */,
				0AAB556E25DFDB0D00FCDAC2 /* RapidAPIReply.swift in Sources */,
				0A2C7C7425DF02F700B7F6BE /* FinProvider.swift in Sources */,
				0A2C7BA125DE9B6A00B7F6BE /* SceneDelegate.swift in Sources */,
				0AAB558125E008C900FCDAC2 /* Quote.swift in Sources */,
			);
			runOnlyForDeploymentPostprocessing = 0;
		};
		0A2C7BAD25DE9B6C00B7F6BE /* Sources */ = {
			isa = PBXSourcesBuildPhase;
			buildActionMask = 2147483647;
			files = (
				0A2C7BB625DE9B6C00B7F6BE /* YStocksTests.swift in Sources */,
			);
			runOnlyForDeploymentPostprocessing = 0;
		};
/* End PBXSourcesBuildPhase section */

/* Begin PBXTargetDependency section */
		0A2C7BB325DE9B6C00B7F6BE /* PBXTargetDependency */ = {
			isa = PBXTargetDependency;
			target = 0A2C7B9A25DE9B6A00B7F6BE /* YStocks */;
			targetProxy = 0A2C7BB225DE9B6C00B7F6BE /* PBXContainerItemProxy */;
		};
/* End PBXTargetDependency section */

/* Begin PBXVariantGroup section */
		0A2C7BA425DE9B6A00B7F6BE /* Main.storyboard */ = {
			isa = PBXVariantGroup;
			children = (
				0A2C7BA525DE9B6A00B7F6BE /* Base */,
			);
			name = Main.storyboard;
			sourceTree = "<group>";
		};
		0A2C7BA925DE9B6C00B7F6BE /* LaunchScreen.storyboard */ = {
			isa = PBXVariantGroup;
			children = (
				0A2C7BAA25DE9B6C00B7F6BE /* Base */,
			);
			name = LaunchScreen.storyboard;
			sourceTree = "<group>";
		};
/* End PBXVariantGroup section */

/* Begin XCBuildConfiguration section */
		0A2C7BC325DE9B6C00B7F6BE /* Debug */ = {
			isa = XCBuildConfiguration;
			buildSettings = {
				ALWAYS_SEARCH_USER_PATHS = NO;
				CLANG_ANALYZER_NONNULL = YES;
				CLANG_ANALYZER_NUMBER_OBJECT_CONVERSION = YES_AGGRESSIVE;
				CLANG_CXX_LANGUAGE_STANDARD = "gnu++14";
				CLANG_CXX_LIBRARY = "libc++";
				CLANG_ENABLE_MODULES = YES;
				CLANG_ENABLE_OBJC_ARC = YES;
				CLANG_ENABLE_OBJC_WEAK = YES;
				CLANG_WARN_BLOCK_CAPTURE_AUTORELEASING = YES;
				CLANG_WARN_BOOL_CONVERSION = YES;
				CLANG_WARN_COMMA = YES;
				CLANG_WARN_CONSTANT_CONVERSION = YES;
				CLANG_WARN_DEPRECATED_OBJC_IMPLEMENTATIONS = YES;
				CLANG_WARN_DIRECT_OBJC_ISA_USAGE = YES_ERROR;
				CLANG_WARN_DOCUMENTATION_COMMENTS = YES;
				CLANG_WARN_EMPTY_BODY = YES;
				CLANG_WARN_ENUM_CONVERSION = YES;
				CLANG_WARN_INFINITE_RECURSION = YES;
				CLANG_WARN_INT_CONVERSION = YES;
				CLANG_WARN_NON_LITERAL_NULL_CONVERSION = YES;
				CLANG_WARN_OBJC_IMPLICIT_RETAIN_SELF = YES;
				CLANG_WARN_OBJC_LITERAL_CONVERSION = YES;
				CLANG_WARN_OBJC_ROOT_CLASS = YES_ERROR;
				CLANG_WARN_QUOTED_INCLUDE_IN_FRAMEWORK_HEADER = YES;
				CLANG_WARN_RANGE_LOOP_ANALYSIS = YES;
				CLANG_WARN_STRICT_PROTOTYPES = YES;
				CLANG_WARN_SUSPICIOUS_MOVE = YES;
				CLANG_WARN_UNGUARDED_AVAILABILITY = YES_AGGRESSIVE;
				CLANG_WARN_UNREACHABLE_CODE = YES;
				CLANG_WARN__DUPLICATE_METHOD_MATCH = YES;
				COPY_PHASE_STRIP = NO;
				DEBUG_INFORMATION_FORMAT = dwarf;
				ENABLE_STRICT_OBJC_MSGSEND = YES;
				ENABLE_TESTABILITY = YES;
				GCC_C_LANGUAGE_STANDARD = gnu11;
				GCC_DYNAMIC_NO_PIC = NO;
				GCC_NO_COMMON_BLOCKS = YES;
				GCC_OPTIMIZATION_LEVEL = 0;
				GCC_PREPROCESSOR_DEFINITIONS = (
					"DEBUG=1",
					"$(inherited)",
				);
				GCC_WARN_64_TO_32_BIT_CONVERSION = YES;
				GCC_WARN_ABOUT_RETURN_TYPE = YES_ERROR;
				GCC_WARN_UNDECLARED_SELECTOR = YES;
				GCC_WARN_UNINITIALIZED_AUTOS = YES_AGGRESSIVE;
				GCC_WARN_UNUSED_FUNCTION = YES;
				GCC_WARN_UNUSED_VARIABLE = YES;
				IPHONEOS_DEPLOYMENT_TARGET = 14.4;
				MTL_ENABLE_DEBUG_INFO = INCLUDE_SOURCE;
				MTL_FAST_MATH = YES;
				ONLY_ACTIVE_ARCH = YES;
				SDKROOT = iphoneos;
				SWIFT_ACTIVE_COMPILATION_CONDITIONS = DEBUG;
				SWIFT_OPTIMIZATION_LEVEL = "-Onone";
			};
			name = Debug;
		};
		0A2C7BC425DE9B6C00B7F6BE /* Release */ = {
			isa = XCBuildConfiguration;
			buildSettings = {
				ALWAYS_SEARCH_USER_PATHS = NO;
				CLANG_ANALYZER_NONNULL = YES;
				CLANG_ANALYZER_NUMBER_OBJECT_CONVERSION = YES_AGGRESSIVE;
				CLANG_CXX_LANGUAGE_STANDARD = "gnu++14";
				CLANG_CXX_LIBRARY = "libc++";
				CLANG_ENABLE_MODULES = YES;
				CLANG_ENABLE_OBJC_ARC = YES;
				CLANG_ENABLE_OBJC_WEAK = YES;
				CLANG_WARN_BLOCK_CAPTURE_AUTORELEASING = YES;
				CLANG_WARN_BOOL_CONVERSION = YES;
				CLANG_WARN_COMMA = YES;
				CLANG_WARN_CONSTANT_CONVERSION = YES;
				CLANG_WARN_DEPRECATED_OBJC_IMPLEMENTATIONS = YES;
				CLANG_WARN_DIRECT_OBJC_ISA_USAGE = YES_ERROR;
				CLANG_WARN_DOCUMENTATION_COMMENTS = YES;
				CLANG_WARN_EMPTY_BODY = YES;
				CLANG_WARN_ENUM_CONVERSION = YES;
				CLANG_WARN_INFINITE_RECURSION = YES;
				CLANG_WARN_INT_CONVERSION = YES;
				CLANG_WARN_NON_LITERAL_NULL_CONVERSION = YES;
				CLANG_WARN_OBJC_IMPLICIT_RETAIN_SELF = YES;
				CLANG_WARN_OBJC_LITERAL_CONVERSION = YES;
				CLANG_WARN_OBJC_ROOT_CLASS = YES_ERROR;
				CLANG_WARN_QUOTED_INCLUDE_IN_FRAMEWORK_HEADER = YES;
				CLANG_WARN_RANGE_LOOP_ANALYSIS = YES;
				CLANG_WARN_STRICT_PROTOTYPES = YES;
				CLANG_WARN_SUSPICIOUS_MOVE = YES;
				CLANG_WARN_UNGUARDED_AVAILABILITY = YES_AGGRESSIVE;
				CLANG_WARN_UNREACHABLE_CODE = YES;
				CLANG_WARN__DUPLICATE_METHOD_MATCH = YES;
				COPY_PHASE_STRIP = NO;
				DEBUG_INFORMATION_FORMAT = "dwarf-with-dsym";
				ENABLE_NS_ASSERTIONS = NO;
				ENABLE_STRICT_OBJC_MSGSEND = YES;
				GCC_C_LANGUAGE_STANDARD = gnu11;
				GCC_NO_COMMON_BLOCKS = YES;
				GCC_WARN_64_TO_32_BIT_CONVERSION = YES;
				GCC_WARN_ABOUT_RETURN_TYPE = YES_ERROR;
				GCC_WARN_UNDECLARED_SELECTOR = YES;
				GCC_WARN_UNINITIALIZED_AUTOS = YES_AGGRESSIVE;
				GCC_WARN_UNUSED_FUNCTION = YES;
				GCC_WARN_UNUSED_VARIABLE = YES;
				IPHONEOS_DEPLOYMENT_TARGET = 14.4;
				MTL_ENABLE_DEBUG_INFO = NO;
				MTL_FAST_MATH = YES;
				SDKROOT = iphoneos;
				SWIFT_COMPILATION_MODE = wholemodule;
				SWIFT_OPTIMIZATION_LEVEL = "-O";
				VALIDATE_PRODUCT = YES;
			};
			name = Release;
		};
		0A2C7BC625DE9B6C00B7F6BE /* Debug */ = {
			isa = XCBuildConfiguration;
			buildSettings = {
				ASSETCATALOG_COMPILER_APPICON_NAME = AppIcon;
				ASSETCATALOG_COMPILER_GLOBAL_ACCENT_COLOR_NAME = AccentColor;
				CODE_SIGN_STYLE = Automatic;
				DEVELOPMENT_TEAM = 9BEQ8V4XH9;
				INFOPLIST_FILE = YStocks/Info.plist;
				IPHONEOS_DEPLOYMENT_TARGET = 13.2;
				LD_RUNPATH_SEARCH_PATHS = (
					"$(inherited)",
					"@executable_path/Frameworks",
				);
				PRODUCT_BUNDLE_IDENTIFIER = in.ioshack.YStocks;
				PRODUCT_NAME = "$(TARGET_NAME)";
				SWIFT_VERSION = 5.0;
				TARGETED_DEVICE_FAMILY = "1,2";
			};
			name = Debug;
		};
		0A2C7BC725DE9B6C00B7F6BE /* Release */ = {
			isa = XCBuildConfiguration;
			buildSettings = {
				ASSETCATALOG_COMPILER_APPICON_NAME = AppIcon;
				ASSETCATALOG_COMPILER_GLOBAL_ACCENT_COLOR_NAME = AccentColor;
				CODE_SIGN_STYLE = Automatic;
				DEVELOPMENT_TEAM = 9BEQ8V4XH9;
				INFOPLIST_FILE = YStocks/Info.plist;
				IPHONEOS_DEPLOYMENT_TARGET = 13.2;
				LD_RUNPATH_SEARCH_PATHS = (
					"$(inherited)",
					"@executable_path/Frameworks",
				);
				PRODUCT_BUNDLE_IDENTIFIER = in.ioshack.YStocks;
				PRODUCT_NAME = "$(TARGET_NAME)";
				SWIFT_VERSION = 5.0;
				TARGETED_DEVICE_FAMILY = "1,2";
			};
			name = Release;
		};
		0A2C7BC925DE9B6C00B7F6BE /* Debug */ = {
			isa = XCBuildConfiguration;
			buildSettings = {
				ALWAYS_EMBED_SWIFT_STANDARD_LIBRARIES = YES;
				BUNDLE_LOADER = "$(TEST_HOST)";
				CODE_SIGN_STYLE = Automatic;
				DEVELOPMENT_TEAM = 9BEQ8V4XH9;
				INFOPLIST_FILE = YStocksTests/Info.plist;
				IPHONEOS_DEPLOYMENT_TARGET = 14.4;
				LD_RUNPATH_SEARCH_PATHS = (
					"$(inherited)",
					"@executable_path/Frameworks",
					"@loader_path/Frameworks",
				);
				PRODUCT_BUNDLE_IDENTIFIER = in.ioshack.YStocksTests;
				PRODUCT_NAME = "$(TARGET_NAME)";
				SWIFT_VERSION = 5.0;
				TARGETED_DEVICE_FAMILY = "1,2";
				TEST_HOST = "$(BUILT_PRODUCTS_DIR)/YStocks.app/YStocks";
			};
			name = Debug;
		};
		0A2C7BCA25DE9B6C00B7F6BE /* Release */ = {
			isa = XCBuildConfiguration;
			buildSettings = {
				ALWAYS_EMBED_SWIFT_STANDARD_LIBRARIES = YES;
				BUNDLE_LOADER = "$(TEST_HOST)";
				CODE_SIGN_STYLE = Automatic;
				DEVELOPMENT_TEAM = 9BEQ8V4XH9;
				INFOPLIST_FILE = YStocksTests/Info.plist;
				IPHONEOS_DEPLOYMENT_TARGET = 14.4;
				LD_RUNPATH_SEARCH_PATHS = (
					"$(inherited)",
					"@executable_path/Frameworks",
					"@loader_path/Frameworks",
				);
				PRODUCT_BUNDLE_IDENTIFIER = in.ioshack.YStocksTests;
				PRODUCT_NAME = "$(TARGET_NAME)";
				SWIFT_VERSION = 5.0;
				TARGETED_DEVICE_FAMILY = "1,2";
				TEST_HOST = "$(BUILT_PRODUCTS_DIR)/YStocks.app/YStocks";
			};
			name = Release;
		};
/* End XCBuildConfiguration section */

/* Begin XCConfigurationList section */
		0A2C7B9625DE9B6A00B7F6BE /* Build configuration list for PBXProject "YStocks" */ = {
			isa = XCConfigurationList;
			buildConfigurations = (
				0A2C7BC325DE9B6C00B7F6BE /* Debug */,
				0A2C7BC425DE9B6C00B7F6BE /* Release */,
			);
			defaultConfigurationIsVisible = 0;
			defaultConfigurationName = Release;
		};
		0A2C7BC525DE9B6C00B7F6BE /* Build configuration list for PBXNativeTarget "YStocks" */ = {
			isa = XCConfigurationList;
			buildConfigurations = (
				0A2C7BC625DE9B6C00B7F6BE /* Debug */,
				0A2C7BC725DE9B6C00B7F6BE /* Release */,
			);
			defaultConfigurationIsVisible = 0;
			defaultConfigurationName = Release;
		};
		0A2C7BC825DE9B6C00B7F6BE /* Build configuration list for PBXNativeTarget "YStocksTests" */ = {
			isa = XCConfigurationList;
			buildConfigurations = (
				0A2C7BC925DE9B6C00B7F6BE /* Debug */,
				0A2C7BCA25DE9B6C00B7F6BE /* Release */,
			);
			defaultConfigurationIsVisible = 0;
			defaultConfigurationName = Release;
		};
/* End XCConfigurationList section */

/* Begin XCRemoteSwiftPackageReference section */
		0A28065325E2414D00E430C1 /* XCRemoteSwiftPackageReference "Kingfisher" */ = {
			isa = XCRemoteSwiftPackageReference;
			repositoryURL = "https://github.com/onevcat/Kingfisher";
			requirement = {
				kind = upToNextMajorVersion;
				minimumVersion = 6.1.1;
			};
		};
		0A2C7BD425DEC32700B7F6BE /* XCRemoteSwiftPackageReference "Moya" */ = {
			isa = XCRemoteSwiftPackageReference;
			repositoryURL = "https://github.com/Moya/Moya.git";
			requirement = {
				kind = upToNextMajorVersion;
				minimumVersion = 14.0.0;
			};
		};
		0A2C7BDA25DEC37500B7F6BE /* XCRemoteSwiftPackageReference "PromiseKit" */ = {
			isa = XCRemoteSwiftPackageReference;
			repositoryURL = "https://github.com/DimaRU/PromiseKit.git";
			requirement = {
				branch = master;
				kind = branch;
			};
		};
/* End XCRemoteSwiftPackageReference section */

/* Begin XCSwiftPackageProductDependency section */
		0A28065425E2414D00E430C1 /* Kingfisher */ = {
			isa = XCSwiftPackageProductDependency;
			package = 0A28065325E2414D00E430C1 /* XCRemoteSwiftPackageReference "Kingfisher" */;
			productName = Kingfisher;
		};
		0A2C7BD525DEC32700B7F6BE /* Moya */ = {
			isa = XCSwiftPackageProductDependency;
			package = 0A2C7BD425DEC32700B7F6BE /* XCRemoteSwiftPackageReference "Moya" */;
			productName = Moya;
		};
		0A2C7BDB25DEC37500B7F6BE /* PromiseKit */ = {
			isa = XCSwiftPackageProductDependency;
			package = 0A2C7BDA25DEC37500B7F6BE /* XCRemoteSwiftPackageReference "PromiseKit" */;
			productName = PromiseKit;
		};
/* End XCSwiftPackageProductDependency section */
	};
	rootObject = 0A2C7B9325DE9B6A00B7F6BE /* Project object */;
}
